
Microsoft Visual Studio Solution File, Format Version 12.00
Project("{FAE04EC0-301F-11D3-BF4B-00C04F79EFBC}") = "Checkers.View", "Checkers.View\Checkers.View.csproj", "{EB3EF3DC-3EBA-4607-973D-773B466BCE78}"
EndProject
Project("{FAE04EC0-301F-11D3-BF4B-00C04F79EFBC}") = "Checkers.Core", "Checkers.Core\Checkers.Core.csproj", "{ADD7542F-A9CF-47F9-85BD-C5504EECA149}"
EndProject
Project("{FAE04EC0-301F-11D3-BF4B-00C04F79EFBC}") = "Checkers.Genetic", "Checkers.Genetic\Checkers.Genetic.csproj", "{AEF937E2-6308-4D64-A2C0-46F912627757}"
EndProject
Project("{FAE04EC0-301F-11D3-BF4B-00C04F79EFBC}") = "Checkers.Genetic.Simulation", "Checkers.Genetic.Simulation\Checkers.Genetic.Simulation.csproj", "{24A4FD22-6C4A-40E8-9C46-3C9F44E5E1EF}"
EndProject
Project("{FAE04EC0-301F-11D3-BF4B-00C04F79EFBC}") = "Checkers", "Checkers\Checkers.csproj", "{F259BE93-DDF4-4326-B105-4327C69B435A}"
EndProject
Project("{FAE04EC0-301F-11D3-BF4B-00C04F79EFBC}") = "Checkers.Genetic.FindBestGenome", "Checkers.Genetic.FindBestGenome\Checkers.Genetic.FindBestGenome.csproj", "{1815DF07-CC4B-4D1F-AE8D-DD30A69BEFE2}"
EndProject
Project("{FAE04EC0-301F-11D3-BF4B-00C04F79EFBC}") = "Sandbox.Shared", "Sandbox.Shared\Sandbox.Shared.csproj", "{F900C50E-1869-4E24-9BE9-007C700A5EA3}"
EndProject
Global
	GlobalSection(SolutionConfigurationPlatforms) = preSolution
		Debug|Any CPU = Debug|Any CPU
		Release|Any CPU = Release|Any CPU
	EndGlobalSection
	GlobalSection(ProjectConfigurationPlatforms) = postSolution
		{EB3EF3DC-3EBA-4607-973D-773B466BCE78}.Debug|Any CPU.ActiveCfg = Debug|Any CPU
		{EB3EF3DC-3EBA-4607-973D-773B466BCE78}.Debug|Any CPU.Build.0 = Debug|Any CPU
		{EB3EF3DC-3EBA-4607-973D-773B466BCE78}.Release|Any CPU.ActiveCfg = Release|Any CPU
		{EB3EF3DC-3EBA-4607-973D-773B466BCE78}.Release|Any CPU.Build.0 = Release|Any CPU
		{ADD7542F-A9CF-47F9-85BD-C5504EECA149}.Debug|Any CPU.ActiveCfg = Debug|Any CPU
		{ADD7542F-A9CF-47F9-85BD-C5504EECA149}.Debug|Any CPU.Build.0 = Debug|Any CPU
		{ADD7542F-A9CF-47F9-85BD-C5504EECA149}.Release|Any CPU.ActiveCfg = Release|Any CPU
		{ADD7542F-A9CF-47F9-85BD-C5504EECA149}.Release|Any CPU.Build.0 = Release|Any CPU
		{AEF937E2-6308-4D64-A2C0-46F912627757}.Debug|Any CPU.ActiveCfg = Debug|Any CPU
		{AEF937E2-6308-4D64-A2C0-46F912627757}.Debug|Any CPU.Build.0 = Debug|Any CPU
		{AEF937E2-6308-4D64-A2C0-46F912627757}.Release|Any CPU.ActiveCfg = Release|Any CPU
		{AEF937E2-6308-4D64-A2C0-46F912627757}.Release|Any CPU.Build.0 = Release|Any CPU
		{24A4FD22-6C4A-40E8-9C46-3C9F44E5E1EF}.Debug|Any CPU.ActiveCfg = Debug|Any CPU
		{24A4FD22-6C4A-40E8-9C46-3C9F44E5E1EF}.Debug|Any CPU.Build.0 = Debug|Any CPU
		{24A4FD22-6C4A-40E8-9C46-3C9F44E5E1EF}.Release|Any CPU.ActiveCfg = Release|Any CPU
		{24A4FD22-6C4A-40E8-9C46-3C9F44E5E1EF}.Release|Any CPU.Build.0 = Release|Any CPU
		{F259BE93-DDF4-4326-B105-4327C69B435A}.Debug|Any CPU.ActiveCfg = Debug|Any CPU
		{F259BE93-DDF4-4326-B105-4327C69B435A}.Debug|Any CPU.Build.0 = Debug|Any CPU
		{F259BE93-DDF4-4326-B105-4327C69B435A}.Release|Any CPU.ActiveCfg = Release|Any CPU
		{F259BE93-DDF4-4326-B105-4327C69B435A}.Release|Any CPU.Build.0 = Release|Any CPU
		{1815DF07-CC4B-4D1F-AE8D-DD30A69BEFE2}.Debug|Any CPU.ActiveCfg = Debug|Any CPU
		{1815DF07-CC4B-4D1F-AE8D-DD30A69BEFE2}.Debug|Any CPU.Build.0 = Debug|Any CPU
		{1815DF07-CC4B-4D1F-AE8D-DD30A69BEFE2}.Release|Any CPU.ActiveCfg = Release|Any CPU
		{1815DF07-CC4B-4D1F-AE8D-DD30A69BEFE2}.Release|Any CPU.Build.0 = Release|Any CPU
		{F900C50E-1869-4E24-9BE9-007C700A5EA3}.Debug|Any CPU.ActiveCfg = Debug|Any CPU
		{F900C50E-1869-4E24-9BE9-007C700A5EA3}.Debug|Any CPU.Build.0 = Debug|Any CPU
		{F900C50E-1869-4E24-9BE9-007C700A5EA3}.Release|Any CPU.ActiveCfg = Release|Any CPU
		{F900C50E-1869-4E24-9BE9-007C700A5EA3}.Release|Any CPU.Build.0 = Release|Any CPU
	EndGlobalSection
EndGlobal
